
Microsoft Visual Studio Solution File, Format Version 12.00
# Visual Studio Version 17
VisualStudioVersion = 17.4.33122.133
MinimumVisualStudioVersion = 10.0.40219.1
Project("{FAE04EC0-301F-11D3-BF4B-00C04F79EFBC}") = "ArduinoConnectWeb", "ArduinoConnectWeb.csproj", "{CDFF9800-0CB2-4921-A10C-E0893B78BBAD}"
EndProject
Global
	GlobalSection(SolutionConfigurationPlatforms) = preSolution
		Debug|Any CPU = Debug|Any CPU
		Release|Any CPU = Release|Any CPU
	EndGlobalSection
	GlobalSection(ProjectConfigurationPlatforms) = postSolution
		{CDFF9800-0CB2-4921-A10C-E0893B78BBAD}.Debug|Any CPU.ActiveCfg = Debug|Any CPU
		{CDFF9800-0CB2-4921-A10C-E0893B78BBAD}.Debug|Any CPU.Build.0 = Debug|Any CPU
		{CDFF9800-0CB2-4921-A10C-E0893B78BBAD}.Release|Any CPU.ActiveCfg = Release|Any CPU
		{CDFF9800-0CB2-4921-A10C-E0893B78BBAD}.Release|Any CPU.Build.0 = Release|Any CPU
	EndGlobalSection
	GlobalSection(SolutionProperties) = preSolution
		HideSolutionNode = FALSE
	EndGlobalSection
	GlobalSection(ExtensibilityGlobals) = postSolution
		SolutionGuid = {F4526CCD-FB8C-4E43-887F-439D062F4956}
	EndGlobalSection
EndGlobal
